
Microsoft Visual Studio Solution File, Format Version 12.00
# Visual Studio Version 16
VisualStudioVersion = 16.0.31229.75
MinimumVisualStudioVersion = 10.0.40219.1
Project("{FAE04EC0-301F-11D3-BF4B-00C04F79EFBC}") = "Presentacion", "Presentacion\Presentacion.csproj", "{11727D17-03BD-4ABC-876D-8865A0EA7615}"
EndProject
Project("{FAE04EC0-301F-11D3-BF4B-00C04F79EFBC}") = "Logica", "Logica\Logica.csproj", "{DEA65095-BE29-4900-99D8-07C4B41AD981}"
EndProject
Global
	GlobalSection(SolutionConfigurationPlatforms) = preSolution
		Debug|Any CPU = Debug|Any CPU
		Release|Any CPU = Release|Any CPU
	EndGlobalSection
	GlobalSection(ProjectConfigurationPlatforms) = postSolution
		{11727D17-03BD-4ABC-876D-8865A0EA7615}.Debug|Any CPU.ActiveCfg = Debug|Any CPU
		{11727D17-03BD-4ABC-876D-8865A0EA7615}.Debug|Any CPU.Build.0 = Debug|Any CPU
		{11727D17-03BD-4ABC-876D-8865A0EA7615}.Release|Any CPU.ActiveCfg = Release|Any CPU
		{11727D17-03BD-4ABC-876D-8865A0EA7615}.Release|Any CPU.Build.0 = Release|Any CPU
		{DEA65095-BE29-4900-99D8-07C4B41AD981}.Debug|Any CPU.ActiveCfg = Debug|Any CPU
		{DEA65095-BE29-4900-99D8-07C4B41AD981}.Debug|Any CPU.Build.0 = Debug|Any CPU
		{DEA65095-BE29-4900-99D8-07C4B41AD981}.Release|Any CPU.ActiveCfg = Release|Any CPU
		{DEA65095-BE29-4900-99D8-07C4B41AD981}.Release|Any CPU.Build.0 = Release|Any CPU
	EndGlobalSection
	GlobalSection(SolutionProperties) = preSolution
		HideSolutionNode = FALSE
	EndGlobalSection
	GlobalSection(ExtensibilityGlobals) = postSolution
		SolutionGuid = {1869D52D-9AF5-4D66-A682-2FA919F47989}
	EndGlobalSection
EndGlobal
