
Microsoft Visual Studio Solution File, Format Version 12.00
# Visual Studio Version 16
VisualStudioVersion = 16.0.31205.134
MinimumVisualStudioVersion = 10.0.40219.1
Project("{FAE04EC0-301F-11D3-BF4B-00C04F79EFBC}") = "ContadorDeLineas", "ContadorDeLineas\ContadorDeLineas.csproj", "{1AC41715-A485-46A1-9D91-C576ADFA8311}"
EndProject
Global
	GlobalSection(SolutionConfigurationPlatforms) = preSolution
		Debug|Any CPU = Debug|Any CPU
		Release|Any CPU = Release|Any CPU
	EndGlobalSection
	GlobalSection(ProjectConfigurationPlatforms) = postSolution
		{1AC41715-A485-46A1-9D91-C576ADFA8311}.Debug|Any CPU.ActiveCfg = Debug|Any CPU
		{1AC41715-A485-46A1-9D91-C576ADFA8311}.Debug|Any CPU.Build.0 = Debug|Any CPU
		{1AC41715-A485-46A1-9D91-C576ADFA8311}.Release|Any CPU.ActiveCfg = Release|Any CPU
		{1AC41715-A485-46A1-9D91-C576ADFA8311}.Release|Any CPU.Build.0 = Release|Any CPU
	EndGlobalSection
	GlobalSection(SolutionProperties) = preSolution
		HideSolutionNode = FALSE
	EndGlobalSection
	GlobalSection(ExtensibilityGlobals) = postSolution
		SolutionGuid = {BE373DB4-E872-4BAD-BCE7-2DEB710FB836}
	EndGlobalSection
EndGlobal
